
Microsoft Visual Studio Solution File, Format Version 12.00
# Visual Studio 2015
Project("{FAE04EC0-301F-11D3-BF4B-00C04F79EFBC}") = "Assembly-CSharp", "Assembly-CSharp.csproj", "{AC3A3F65-E36A-0513-7E65-CCD59C56B590}"
EndProject
Project("{FAE04EC0-301F-11D3-BF4B-00C04F79EFBC}") = "Assembly-CSharp-Editor", "Assembly-CSharp-Editor.csproj", "{377172B3-2D7A-21B3-0D88-59F7B0477CAF}"
EndProject
Global
	GlobalSection(SolutionConfigurationPlatforms) = preSolution
		Debug|Any CPU = Debug|Any CPU
		Release|Any CPU = Release|Any CPU
	EndGlobalSection
	GlobalSection(ProjectConfigurationPlatforms) = postSolution
		{AC3A3F65-E36A-0513-7E65-CCD59C56B590}.Debug|Any CPU.ActiveCfg = Debug|Any CPU
		{AC3A3F65-E36A-0513-7E65-CCD59C56B590}.Debug|Any CPU.Build.0 = Debug|Any CPU
		{AC3A3F65-E36A-0513-7E65-CCD59C56B590}.Release|Any CPU.ActiveCfg = Release|Any CPU
		{AC3A3F65-E36A-0513-7E65-CCD59C56B590}.Release|Any CPU.Build.0 = Release|Any CPU
		{377172B3-2D7A-21B3-0D88-59F7B0477CAF}.Debug|Any CPU.ActiveCfg = Debug|Any CPU
		{377172B3-2D7A-21B3-0D88-59F7B0477CAF}.Debug|Any CPU.Build.0 = Debug|Any CPU
		{377172B3-2D7A-21B3-0D88-59F7B0477CAF}.Release|Any CPU.ActiveCfg = Release|Any CPU
		{377172B3-2D7A-21B3-0D88-59F7B0477CAF}.Release|Any CPU.Build.0 = Release|Any CPU
	EndGlobalSection
	GlobalSection(SolutionProperties) = preSolution
		HideSolutionNode = FALSE
	EndGlobalSection
EndGlobal
